// !$*UTF8*$!
{
	archiveVersion = 1;
	classes = {
	};
	objectVersion = 47;
	objects = {

/* Begin PBXFileReference section */
		391C612D1D0844C0007DE8C3 /* Info.plist */ = {isa = PBXFileReference; lastKnownFileType = text.plist.xml; path = Info.plist; sourceTree = "<group>"; };
		391C61741D0847CA007DE8C3 /* launchctl */ = {isa = PBXFileReference; lastKnownFileType = folder; path = launchctl; sourceTree = "<group>"; };
		391C61751D0847CA007DE8C3 /* launchd */ = {isa = PBXFileReference; lastKnownFileType = folder; path = launchd; sourceTree = "<group>"; };
		391C61761D0847CA007DE8C3 /* launchproxy */ = {isa = PBXFileReference; lastKnownFileType = folder; path = launchproxy; sourceTree = "<group>"; };
		391C61771D0847CA007DE8C3 /* liblaunch */ = {isa = PBXFileReference; lastKnownFileType = folder; path = liblaunch; sourceTree = "<group>"; };
		391C61781D0847CA007DE8C3 /* libxpc */ = {isa = PBXFileReference; lastKnownFileType = folder; path = libxpc; sourceTree = "<group>"; };
		391C61791D0847CA007DE8C3 /* man */ = {isa = PBXFileReference; lastKnownFileType = folder; path = man; sourceTree = "<group>"; };
		391C617A1D0847CA007DE8C3 /* SystemStarter */ = {isa = PBXFileReference; lastKnownFileType = folder; path = SystemStarter; sourceTree = "<group>"; };
		391C617B1D0847CA007DE8C3 /* wait4path */ = {isa = PBXFileReference; lastKnownFileType = folder; path = wait4path; sourceTree = "<group>"; };
		391C617C1D0847CA007DE8C3 /* xcscripts */ = {isa = PBXFileReference; lastKnownFileType = folder; path = xcscripts; sourceTree = "<group>"; };
/* End PBXFileReference section */

/* Begin PBXGroup section */
		391C61211D0844C0007DE8C3 = {
			isa = PBXGroup;
			children = (
				391C613E1D0845C7007DE8C3 /* Products */,
				391C612C1D0844C0007DE8C3 /* libxpc */,
			);
			sourceTree = "<group>";
		};
		391C612C1D0844C0007DE8C3 /* libxpc */ = {
			isa = PBXGroup;
			children = (
				391C61741D0847CA007DE8C3 /* launchctl */,
				391C61751D0847CA007DE8C3 /* launchd */,
				391C61761D0847CA007DE8C3 /* launchproxy */,
				391C61771D0847CA007DE8C3 /* liblaunch */,
				391C61781D0847CA007DE8C3 /* libxpc */,
				391C61791D0847CA007DE8C3 /* man */,
				391C617A1D0847CA007DE8C3 /* SystemStarter */,
				391C617B1D0847CA007DE8C3 /* wait4path */,
				391C617C1D0847CA007DE8C3 /* xcscripts */,
				391C612D1D0844C0007DE8C3 /* Info.plist */,
			);
			path = libxpc;
			sourceTree = "<group>";
		};
		391C613E1D0845C7007DE8C3 /* Products */ = {
			isa = PBXGroup;
			children = (
			);
			name = Products;
			sourceTree = "<group>";
		};
/* End PBXGroup section */

/* Begin PBXProject section */
		391C61221D0844C0007DE8C3 /* Project object */ = {
			isa = PBXProject;
			attributes = {
				LastUpgradeCheck = 0730;
				ORGANIZATIONNAME = PureDarwin;
			};
			buildConfigurationList = 391C61251D0844C0007DE8C3 /* Build configuration list for PBXProject "libxpc" */;
			compatibilityVersion = "Xcode 6.3";
			developmentRegion = English;
			hasScannedForEncodings = 0;
			knownRegions = (
				en,
			);
			mainGroup = 391C61211D0844C0007DE8C3;
			productRefGroup = 391C61211D0844C0007DE8C3;
			projectDirPath = "";
			projectRoot = "";
			targets = (
			);
		};
/* End PBXProject section */

/* Begin XCBuildConfiguration section */
		391C612E1D0844C0007DE8C3 /* Debug */ = {
			isa = XCBuildConfiguration;
			buildSettings = {
				ALWAYS_SEARCH_USER_PATHS = NO;
				CLANG_ANALYZER_NONNULL = YES;
				CLANG_CXX_LANGUAGE_STANDARD = "gnu++0x";
				CLANG_CXX_LIBRARY = "libc++";
				CLANG_ENABLE_MODULES = YES;
				CLANG_ENABLE_OBJC_ARC = YES;
				CLANG_WARN_BOOL_CONVERSION = YES;
				CLANG_WARN_CONSTANT_CONVERSION = YES;
				CLANG_WARN_DIRECT_OBJC_ISA_USAGE = YES_ERROR;
				CLANG_WARN_EMPTY_BODY = YES;
				CLANG_WARN_ENUM_CONVERSION = YES;
				CLANG_WARN_INT_CONVERSION = YES;
				CLANG_WARN_OBJC_ROOT_CLASS = YES_ERROR;
				CLANG_WARN_UNREACHABLE_CODE = YES;
				CLANG_WARN__DUPLICATE_METHOD_MATCH = YES;
				CODE_SIGN_IDENTITY = "-";
				COPY_PHASE_STRIP = NO;
				DEBUG_INFORMATION_FORMAT = dwarf;
				ENABLE_STRICT_OBJC_MSGSEND = YES;
				ENABLE_TESTABILITY = YES;
				GCC_C_LANGUAGE_STANDARD = gnu99;
				GCC_DYNAMIC_NO_PIC = NO;
				GCC_NO_COMMON_BLOCKS = YES;
				GCC_OPTIMIZATION_LEVEL = 0;
				GCC_PREPROCESSOR_DEFINITIONS = (
					"DEBUG=1",
					"$(inherited)",
				);
				GCC_WARN_64_TO_32_BIT_CONVERSION = YES;
				GCC_WARN_ABOUT_RETURN_TYPE = YES_ERROR;
				GCC_WARN_UNDECLARED_SELECTOR = YES;
				GCC_WARN_UNINITIALIZED_AUTOS = YES_AGGRESSIVE;
				GCC_WARN_UNUSED_FUNCTION = YES;
				GCC_WARN_UNUSED_VARIABLE = YES;
				MACOSX_DEPLOYMENT_TARGET = 10.11;
				MTL_ENABLE_DEBUG_INFO = YES;
				ONLY_ACTIVE_ARCH = YES;
				SDKROOT = macosx;
			};
			name = Debug;
		};
		391C612F1D0844C0007DE8C3 /* Release */ = {
			isa = XCBuildConfiguration;
			buildSettings = {
				ALWAYS_SEARCH_USER_PATHS = NO;
				CLANG_ANALYZER_NONNULL = YES;
				CLANG_CXX_LANGUAGE_STANDARD = "gnu++0x";
				CLANG_CXX_LIBRARY = "libc++";
				CLANG_ENABLE_MODULES = YES;
				CLANG_ENABLE_OBJC_ARC = YES;
				CLANG_WARN_BOOL_CONVERSION = YES;
				CLANG_WARN_CONSTANT_CONVERSION = YES;
				CLANG_WARN_DIRECT_OBJC_ISA_USAGE = YES_ERROR;
				CLANG_WARN_EMPTY_BODY = YES;
				CLANG_WARN_ENUM_CONVERSION = YES;
				CLANG_WARN_INT_CONVERSION = YES;
				CLANG_WARN_OBJC_ROOT_CLASS = YES_ERROR;
				CLANG_WARN_UNREACHABLE_CODE = YES;
				CLANG_WARN__DUPLICATE_METHOD_MATCH = YES;
				CODE_SIGN_IDENTITY = "-";
				COPY_PHASE_STRIP = NO;
				DEBUG_INFORMATION_FORMAT = "dwarf-with-dsym";
				ENABLE_NS_ASSERTIONS = NO;
				ENABLE_STRICT_OBJC_MSGSEND = YES;
				GCC_C_LANGUAGE_STANDARD = gnu99;
				GCC_NO_COMMON_BLOCKS = YES;
				GCC_WARN_64_TO_32_BIT_CONVERSION = YES;
				GCC_WARN_ABOUT_RETURN_TYPE = YES_ERROR;
				GCC_WARN_UNDECLARED_SELECTOR = YES;
				GCC_WARN_UNINITIALIZED_AUTOS = YES_AGGRESSIVE;
				GCC_WARN_UNUSED_FUNCTION = YES;
				GCC_WARN_UNUSED_VARIABLE = YES;
				MACOSX_DEPLOYMENT_TARGET = 10.11;
				MTL_ENABLE_DEBUG_INFO = NO;
				SDKROOT = macosx;
			};
			name = Release;
		};
/* End XCBuildConfiguration section */

/* Begin XCConfigurationList section */
		391C61251D0844C0007DE8C3 /* Build configuration list for PBXProject "libxpc" */ = {
			isa = XCConfigurationList;
			buildConfigurations = (
				391C612E1D0844C0007DE8C3 /* Debug */,
				391C612F1D0844C0007DE8C3 /* Release */,
			);
			defaultConfigurationIsVisible = 0;
			defaultConfigurationName = Release;
		};
/* End XCConfigurationList section */
	};
	rootObject = 391C61221D0844C0007DE8C3 /* Project object */;
}
